// !$*UTF8*$!
{
	archiveVersion = 1;
	classes = {
	};
	objectVersion = 46;
	objects = {

/* Begin PBXBuildFile section */
		8BF5D40F1C6BBA2E00295A8B /* AppDelegate.swift in Sources */ = {isa = PBXBuildFile; fileRef = 8BF5D40E1C6BBA2E00295A8B /* AppDelegate.swift */; };
		8BF5D4111C6BBA2E00295A8B /* ViewController.swift in Sources */ = {isa = PBXBuildFile; fileRef = 8BF5D4101C6BBA2E00295A8B /* ViewController.swift */; };
		8BF5D4141C6BBA2F00295A8B /* Main.storyboard in Resources */ = {isa = PBXBuildFile; fileRef = 8BF5D4121C6BBA2F00295A8B /* Main.storyboard */; };
		8BF5D4171C6BBA2F00295A8B /* MultipleChoiceQuestions.xcdatamodeld in Sources */ = {isa = PBXBuildFile; fileRef = 8BF5D4151C6BBA2F00295A8B /* MultipleChoiceQuestions.xcdatamodeld */; };
		8BF5D4191C6BBA2F00295A8B /* Assets.xcassets in Resources */ = {isa = PBXBuildFile; fileRef = 8BF5D4181C6BBA2F00295A8B /* Assets.xcassets */; };
		8BF5D41C1C6BBA2F00295A8B /* LaunchScreen.storyboard in Resources */ = {isa = PBXBuildFile; fileRef = 8BF5D41A1C6BBA2F00295A8B /* LaunchScreen.storyboard */; };
		8BF5D4271C6BBA2F00295A8B /* MultipleChoiceQuestionsTests.swift in Sources */ = {isa = PBXBuildFile; fileRef = 8BF5D4261C6BBA2F00295A8B /* MultipleChoiceQuestionsTests.swift */; };
		8BF5D4321C6BBA2F00295A8B /* MultipleChoiceQuestionsUITests.swift in Sources */ = {isa = PBXBuildFile; fileRef = 8BF5D4311C6BBA2F00295A8B /* MultipleChoiceQuestionsUITests.swift */; };
/* End PBXBuildFile section */

/* Begin PBXContainerItemProxy section */
		8BF5D4231C6BBA2F00295A8B /* PBXContainerItemProxy */ = {
			isa = PBXContainerItemProxy;
			containerPortal = 8BF5D4031C6BBA2E00295A8B /* Project object */;
			proxyType = 1;
			remoteGlobalIDString = 8BF5D40A1C6BBA2E00295A8B;
			remoteInfo = MultipleChoiceQuestions;
		};
		8BF5D42E1C6BBA2F00295A8B /* PBXContainerItemProxy */ = {
			isa = PBXContainerItemProxy;
			containerPortal = 8BF5D4031C6BBA2E00295A8B /* Project object */;
			proxyType = 1;
			remoteGlobalIDString = 8BF5D40A1C6BBA2E00295A8B;
			remoteInfo = MultipleChoiceQuestions;
		};
/* End PBXContainerItemProxy section */

/* Begin PBXFileReference section */
		8BF5D40B1C6BBA2E00295A8B /* MultipleChoiceQuestions.app */ = {isa = PBXFileReference; explicitFileType = wrapper.application; includeInIndex = 0; path = MultipleChoiceQuestions.app; sourceTree = BUILT_PRODUCTS_DIR; };
		8BF5D40E1C6BBA2E00295A8B /* AppDelegate.swift */ = {isa = PBXFileReference; lastKnownFileType = sourcecode.swift; path = AppDelegate.swift; sourceTree = "<group>"; };
		8BF5D4101C6BBA2E00295A8B /* ViewController.swift */ = {isa = PBXFileReference; lastKnownFileType = sourcecode.swift; path = ViewController.swift; sourceTree = "<group>"; };
		8BF5D4131C6BBA2F00295A8B /* Base */ = {isa = PBXFileReference; lastKnownFileType = file.storyboard; name = Base; path = Base.lproj/Main.storyboard; sourceTree = "<group>"; };
		8BF5D4161C6BBA2F00295A8B /* MultipleChoiceQuestions.xcdatamodel */ = {isa = PBXFileReference; lastKnownFileType = wrapper.xcdatamodel; path = MultipleChoiceQuestions.xcdatamodel; sourceTree = "<group>"; };
		8BF5D4181C6BBA2F00295A8B /* Assets.xcassets */ = {isa = PBXFileReference; lastKnownFileType = folder.assetcatalog; path = Assets.xcassets; sourceTree = "<group>"; };
		8BF5D41B1C6BBA2F00295A8B /* Base */ = {isa = PBXFileReference; lastKnownFileType = file.storyboard; name = Base; path = Base.lproj/LaunchScreen.storyboard; sourceTree = "<group>"; };
		8BF5D41D1C6BBA2F00295A8B /* Info.plist */ = {isa = PBXFileReference; lastKnownFileType = text.plist.xml; path = Info.plist; sourceTree = "<group>"; };
		8BF5D4221C6BBA2F00295A8B /* MultipleChoiceQuestionsTests.xctest */ = {isa = PBXFileReference; explicitFileType = wrapper.cfbundle; includeInIndex = 0; path = MultipleChoiceQuestionsTests.xctest; sourceTree = BUILT_PRODUCTS_DIR; };
		8BF5D4261C6BBA2F00295A8B /* MultipleChoiceQuestionsTests.swift */ = {isa = PBXFileReference; lastKnownFileType = sourcecode.swift; path = MultipleChoiceQuestionsTests.swift; sourceTree = "<group>"; };
		8BF5D4281C6BBA2F00295A8B /* Info.plist */ = {isa = PBXFileReference; lastKnownFileType = text.plist.xml; path = Info.plist; sourceTree = "<group>"; };
		8BF5D42D1C6BBA2F00295A8B /* MultipleChoiceQuestionsUITests.xctest */ = {isa = PBXFileReference; explicitFileType = wrapper.cfbundle; includeInIndex = 0; path = MultipleChoiceQuestionsUITests.xctest; sourceTree = BUILT_PRODUCTS_DIR; };
		8BF5D4311C6BBA2F00295A8B /* MultipleChoiceQuestionsUITests.swift */ = {isa = PBXFileReference; lastKnownFileType = sourcecode.swift; path = MultipleChoiceQuestionsUITests.swift; sourceTree = "<group>"; };
		8BF5D4331C6BBA2F00295A8B /* Info.plist */ = {isa = PBXFileReference; lastKnownFileType = text.plist.xml; path = Info.plist; sourceTree = "<group>"; };
/* End PBXFileReference section */

/* Begin PBXFrameworksBuildPhase section */
		8BF5D4081C6BBA2E00295A8B /* Frameworks */ = {
			isa = PBXFrameworksBuildPhase;
			buildActionMask = 2147483647;
			files = (
			);
			runOnlyForDeploymentPostprocessing = 0;
		};
		8BF5D41F1C6BBA2F00295A8B /* Frameworks */ = {
			isa = PBXFrameworksBuildPhase;
			buildActionMask = 2147483647;
			files = (
			);
			runOnlyForDeploymentPostprocessing = 0;
		};
		8BF5D42A1C6BBA2F00295A8B /* Frameworks */ = {
			isa = PBXFrameworksBuildPhase;
			buildActionMask = 2147483647;
			files = (
			);
			runOnlyForDeploymentPostprocessing = 0;
		};
/* End PBXFrameworksBuildPhase section */

/* Begin PBXGroup section */
		8BF5D4021C6BBA2E00295A8B = {
			isa = PBXGroup;
			children = (
				8BF5D40D1C6BBA2E00295A8B /* MultipleChoiceQuestions */,
				8BF5D4251C6BBA2F00295A8B /* MultipleChoiceQuestionsTests */,
				8BF5D4301C6BBA2F00295A8B /* MultipleChoiceQuestionsUITests */,
				8BF5D40C1C6BBA2E00295A8B /* Products */,
			);
			sourceTree = "<group>";
		};
		8BF5D40C1C6BBA2E00295A8B /* Products */ = {
			isa = PBXGroup;
			children = (
				8BF5D40B1C6BBA2E00295A8B /* MultipleChoiceQuestions.app */,
				8BF5D4221C6BBA2F00295A8B /* MultipleChoiceQuestionsTests.xctest */,
				8BF5D42D1C6BBA2F00295A8B /* MultipleChoiceQuestionsUITests.xctest */,
			);
			name = Products;
			sourceTree = "<group>";
		};
		8BF5D40D1C6BBA2E00295A8B /* MultipleChoiceQuestions */ = {
			isa = PBXGroup;
			children = (
				8BF5D40E1C6BBA2E00295A8B /* AppDelegate.swift */,
				8BF5D4101C6BBA2E00295A8B /* ViewController.swift */,
				8BF5D4121C6BBA2F00295A8B /* Main.storyboard */,
				8BF5D4181C6BBA2F00295A8B /* Assets.xcassets */,
				8BF5D41A1C6BBA2F00295A8B /* LaunchScreen.storyboard */,
				8BF5D41D1C6BBA2F00295A8B /* Info.plist */,
				8BF5D4151C6BBA2F00295A8B /* MultipleChoiceQuestions.xcdatamodeld */,
			);
			path = MultipleChoiceQuestions;
			sourceTree = "<group>";
		};
		8BF5D4251C6BBA2F00295A8B /* MultipleChoiceQuestionsTests */ = {
			isa = PBXGroup;
			children = (
				8BF5D4261C6BBA2F00295A8B /* MultipleChoiceQuestionsTests.swift */,
				8BF5D4281C6BBA2F00295A8B /* Info.plist */,
			);
			path = MultipleChoiceQuestionsTests;
			sourceTree = "<group>";
		};
		8BF5D4301C6BBA2F00295A8B /* MultipleChoiceQuestionsUITests */ = {
			isa = PBXGroup;
			children = (
				8BF5D4311C6BBA2F00295A8B /* MultipleChoiceQuestionsUITests.swift */,
				8BF5D4331C6BBA2F00295A8B /* Info.plist */,
			);
			path = MultipleChoiceQuestionsUITests;
			sourceTree = "<group>";
		};
/* End PBXGroup section */

/* Begin PBXNativeTarget section */
		8BF5D40A1C6BBA2E00295A8B /* MultipleChoiceQuestions */ = {
			isa = PBXNativeTarget;
			buildConfigurationList = 8BF5D4361C6BBA2F00295A8B /* Build configuration list for PBXNativeTarget "MultipleChoiceQuestions" */;
			buildPhases = (
				8BF5D4071C6BBA2E00295A8B /* Sources */,
				8BF5D4081C6BBA2E00295A8B /* Frameworks */,
				8BF5D4091C6BBA2E00295A8B /* Resources */,
			);
			buildRules = (
			);
			dependencies = (
			);
			name = MultipleChoiceQuestions;
			productName = MultipleChoiceQuestions;
			productReference = 8BF5D40B1C6BBA2E00295A8B /* MultipleChoiceQuestions.app */;
			productType = "com.apple.product-type.application";
		};
		8BF5D4211C6BBA2F00295A8B /* MultipleChoiceQuestionsTests */ = {
			isa = PBXNativeTarget;
			buildConfigurationList = 8BF5D4391C6BBA2F00295A8B /* Build configuration list for PBXNativeTarget "MultipleChoiceQuestionsTests" */;
			buildPhases = (
				8BF5D41E1C6BBA2F00295A8B /* Sources */,
				8BF5D41F1C6BBA2F00295A8B /* Frameworks */,
				8BF5D4201C6BBA2F00295A8B /* Resources */,
			);
			buildRules = (
			);
			dependencies = (
				8BF5D4241C6BBA2F00295A8B /* PBXTargetDependency */,
			);
			name = MultipleChoiceQuestionsTests;
			productName = MultipleChoiceQuestionsTests;
			productReference = 8BF5D4221C6BBA2F00295A8B /* MultipleChoiceQuestionsTests.xctest */;
			productType = "com.apple.product-type.bundle.unit-test";
		};
		8BF5D42C1C6BBA2F00295A8B /* MultipleChoiceQuestionsUITests */ = {
			isa = PBXNativeTarget;
			buildConfigurationList = 8BF5D43C1C6BBA2F00295A8B /* Build configuration list for PBXNativeTarget "MultipleChoiceQuestionsUITests" */;
			buildPhases = (
				8BF5D4291C6BBA2F00295A8B /* Sources */,
				8BF5D42A1C6BBA2F00295A8B /* Frameworks */,
				8BF5D42B1C6BBA2F00295A8B /* Resources */,
			);
			buildRules = (
			);
			dependencies = (
				8BF5D42F1C6BBA2F00295A8B /* PBXTargetDependency */,
			);
			name = MultipleChoiceQuestionsUITests;
			productName = MultipleChoiceQuestionsUITests;
			productReference = 8BF5D42D1C6BBA2F00295A8B /* MultipleChoiceQuestionsUITests.xctest */;
			productType = "com.apple.product-type.bundle.ui-testing";
		};
/* End PBXNativeTarget section */

/* Begin PBXProject section */
		8BF5D4031C6BBA2E00295A8B /* Project object */ = {
			isa = PBXProject;
			attributes = {
				LastSwiftUpdateCheck = 0720;
				LastUpgradeCheck = 0720;
				ORGANIZATIONNAME = "Murat Cakmak";
				TargetAttributes = {
					8BF5D40A1C6BBA2E00295A8B = {
						CreatedOnToolsVersion = 7.2.1;
					};
					8BF5D4211C6BBA2F00295A8B = {
						CreatedOnToolsVersion = 7.2.1;
						TestTargetID = 8BF5D40A1C6BBA2E00295A8B;
					};
					8BF5D42C1C6BBA2F00295A8B = {
						CreatedOnToolsVersion = 7.2.1;
						TestTargetID = 8BF5D40A1C6BBA2E00295A8B;
					};
				};
			};
			buildConfigurationList = 8BF5D4061C6BBA2E00295A8B /* Build configuration list for PBXProject "MultipleChoiceQuestions" */;
			compatibilityVersion = "Xcode 3.2";
			developmentRegion = English;
			hasScannedForEncodings = 0;
			knownRegions = (
				en,
				Base,
			);
			mainGroup = 8BF5D4021C6BBA2E00295A8B;
			productRefGroup = 8BF5D40C1C6BBA2E00295A8B /* Products */;
			projectDirPath = "";
			projectRoot = "";
			targets = (
				8BF5D40A1C6BBA2E00295A8B /* MultipleChoiceQuestions */,
				8BF5D4211C6BBA2F00295A8B /* MultipleChoiceQuestionsTests */,
				8BF5D42C1C6BBA2F00295A8B /* MultipleChoiceQuestionsUITests */,
			);
		};
/* End PBXProject section */

/* Begin PBXResourcesBuildPhase section */
		8BF5D4091C6BBA2E00295A8B /* Resources */ = {
			isa = PBXResourcesBuildPhase;
			buildActionMask = 2147483647;
			files = (
				8BF5D41C1C6BBA2F00295A8B /* LaunchScreen.storyboard in Resources */,
				8BF5D4191C6BBA2F00295A8B /* Assets.xcassets in Resources */,
				8BF5D4141C6BBA2F00295A8B /* Main.storyboard in Resources */,
			);
			runOnlyForDeploymentPostprocessing = 0;
		};
		8BF5D4201C6BBA2F00295A8B /* Resources */ = {
			isa = PBXResourcesBuildPhase;
			buildActionMask = 2147483647;
			files = (
			);
			runOnlyForDeploymentPostprocessing = 0;
		};
		8BF5D42B1C6BBA2F00295A8B /* Resources */ = {
			isa = PBXResourcesBuildPhase;
			buildActionMask = 2147483647;
			files = (
			);
			runOnlyForDeploymentPostprocessing = 0;
		};
/* End PBXResourcesBuildPhase section */

/* Begin PBXSourcesBuildPhase section */
		8BF5D4071C6BBA2E00295A8B /* Sources */ = {
			isa = PBXSourcesBuildPhase;
			buildActionMask = 2147483647;
			files = (
				8BF5D4171C6BBA2F00295A8B /* MultipleChoiceQuestions.xcdatamodeld in Sources */,
				8BF5D4111C6BBA2E00295A8B /* ViewController.swift in Sources */,
				8BF5D40F1C6BBA2E00295A8B /* AppDelegate.swift in Sources */,
			);
			runOnlyForDeploymentPostprocessing = 0;
		};
		8BF5D41E1C6BBA2F00295A8B /* Sources */ = {
			isa = PBXSourcesBuildPhase;
			buildActionMask = 2147483647;
			files = (
				8BF5D4271C6BBA2F00295A8B /* MultipleChoiceQuestionsTests.swift in Sources */,
			);
			runOnlyForDeploymentPostprocessing = 0;
		};
		8BF5D4291C6BBA2F00295A8B /* Sources */ = {
			isa = PBXSourcesBuildPhase;
			buildActionMask = 2147483647;
			files = (
				8BF5D4321C6BBA2F00295A8B /* MultipleChoiceQuestionsUITests.swift in Sources */,
			);
			runOnlyForDeploymentPostprocessing = 0;
		};
/* End PBXSourcesBuildPhase section */

/* Begin PBXTargetDependency section */
		8BF5D4241C6BBA2F00295A8B /* PBXTargetDependency */ = {
			isa = PBXTargetDependency;
			target = 8BF5D40A1C6BBA2E00295A8B /* MultipleChoiceQuestions */;
			targetProxy = 8BF5D4231C6BBA2F00295A8B /* PBXContainerItemProxy */;
		};
		8BF5D42F1C6BBA2F00295A8B /* PBXTargetDependency */ = {
			isa = PBXTargetDependency;
			target = 8BF5D40A1C6BBA2E00295A8B /* MultipleChoiceQuestions */;
			targetProxy = 8BF5D42E1C6BBA2F00295A8B /* PBXContainerItemProxy */;
		};
/* End PBXTargetDependency section */

/* Begin PBXVariantGroup section */
		8BF5D4121C6BBA2F00295A8B /* Main.storyboard */ = {
			isa = PBXVariantGroup;
			children = (
				8BF5D4131C6BBA2F00295A8B /* Base */,
			);
			name = Main.storyboard;
			sourceTree = "<group>";
		};
		8BF5D41A1C6BBA2F00295A8B /* LaunchScreen.storyboard */ = {
			isa = PBXVariantGroup;
			children = (
				8BF5D41B1C6BBA2F00295A8B /* Base */,
			);
			name = LaunchScreen.storyboard;
			sourceTree = "<group>";
		};
/* End PBXVariantGroup section */

/* Begin XCBuildConfiguration section */
		8BF5D4341C6BBA2F00295A8B /* Debug */ = {
			isa = XCBuildConfiguration;
			buildSettings = {
				ALWAYS_SEARCH_USER_PATHS = NO;
				CLANG_CXX_LANGUAGE_STANDARD = "gnu++0x";
				CLANG_CXX_LIBRARY = "libc++";
				CLANG_ENABLE_MODULES = YES;
				CLANG_ENABLE_OBJC_ARC = YES;
				CLANG_WARN_BOOL_CONVERSION = YES;
				CLANG_WARN_CONSTANT_CONVERSION = YES;
				CLANG_WARN_DIRECT_OBJC_ISA_USAGE = YES_ERROR;
				CLANG_WARN_EMPTY_BODY = YES;
				CLANG_WARN_ENUM_CONVERSION = YES;
				CLANG_WARN_INT_CONVERSION = YES;
				CLANG_WARN_OBJC_ROOT_CLASS = YES_ERROR;
				CLANG_WARN_UNREACHABLE_CODE = YES;
				CLANG_WARN__DUPLICATE_METHOD_MATCH = YES;
				"CODE_SIGN_IDENTITY[sdk=iphoneos*]" = "iPhone Developer";
				COPY_PHASE_STRIP = NO;
				DEBUG_INFORMATION_FORMAT = dwarf;
				ENABLE_STRICT_OBJC_MSGSEND = YES;
				ENABLE_TESTABILITY = YES;
				GCC_C_LANGUAGE_STANDARD = gnu99;
				GCC_DYNAMIC_NO_PIC = NO;
				GCC_NO_COMMON_BLOCKS = YES;
				GCC_OPTIMIZATION_LEVEL = 0;
				GCC_PREPROCESSOR_DEFINITIONS = (
					"DEBUG=1",
					"$(inherited)",
				);
				GCC_WARN_64_TO_32_BIT_CONVERSION = YES;
				GCC_WARN_ABOUT_RETURN_TYPE = YES_ERROR;
				GCC_WARN_UNDECLARED_SELECTOR = YES;
				GCC_WARN_UNINITIALIZED_AUTOS = YES_AGGRESSIVE;
				GCC_WARN_UNUSED_FUNCTION = YES;
				GCC_WARN_UNUSED_VARIABLE = YES;
				IPHONEOS_DEPLOYMENT_TARGET = 9.2;
				MTL_ENABLE_DEBUG_INFO = YES;
				ONLY_ACTIVE_ARCH = YES;
				SDKROOT = iphoneos;
				SWIFT_OPTIMIZATION_LEVEL = "-Onone";
			};
			name = Debug;
		};
		8BF5D4351C6BBA2F00295A8B /* Release */ = {
			isa = XCBuildConfiguration;
			buildSettings = {
				ALWAYS_SEARCH_USER_PATHS = NO;
				CLANG_CXX_LANGUAGE_STANDARD = "gnu++0x";
				CLANG_CXX_LIBRARY = "libc++";
				CLANG_ENABLE_MODULES = YES;
				CLANG_ENABLE_OBJC_ARC = YES;
				CLANG_WARN_BOOL_CONVERSION = YES;
				CLANG_WARN_CONSTANT_CONVERSION = YES;
				CLANG_WARN_DIRECT_OBJC_ISA_USAGE = YES_ERROR;
				CLANG_WARN_EMPTY_BODY = YES;
				CLANG_WARN_ENUM_CONVERSION = YES;
				CLANG_WARN_INT_CONVERSION = YES;
				CLANG_WARN_OBJC_ROOT_CLASS = YES_ERROR;
				CLANG_WARN_UNREACHABLE_CODE = YES;
				CLANG_WARN__DUPLICATE_METHOD_MATCH = YES;
				"CODE_SIGN_IDENTITY[sdk=iphoneos*]" = "iPhone Developer";
				COPY_PHASE_STRIP = NO;
				DEBUG_INFORMATION_FORMAT = "dwarf-with-dsym";
				ENABLE_NS_ASSERTIONS = NO;
				ENABLE_STRICT_OBJC_MSGSEND = YES;
				GCC_C_LANGUAGE_STANDARD = gnu99;
				GCC_NO_COMMON_BLOCKS = YES;
				GCC_WARN_64_TO_32_BIT_CONVERSION = YES;
				GCC_WARN_ABOUT_RETURN_TYPE = YES_ERROR;
				GCC_WARN_UNDECLARED_SELECTOR = YES;
				GCC_WARN_UNINITIALIZED_AUTOS = YES_AGGRESSIVE;
				GCC_WARN_UNUSED_FUNCTION = YES;
				GCC_WARN_UNUSED_VARIABLE = YES;
				IPHONEOS_DEPLOYMENT_TARGET = 9.2;
				MTL_ENABLE_DEBUG_INFO = NO;
				SDKROOT = iphoneos;
				VALIDATE_PRODUCT = YES;
			};
			name = Release;
		};
		8BF5D4371C6BBA2F00295A8B /* Debug */ = {
			isa = XCBuildConfiguration;
			buildSettings = {
				ASSETCATALOG_COMPILER_APPICON_NAME = AppIcon;
				INFOPLIST_FILE = MultipleChoiceQuestions/Info.plist;
				LD_RUNPATH_SEARCH_PATHS = "$(inherited) @executable_path/Frameworks";
				PRODUCT_BUNDLE_IDENTIFIER = com.omuratcakmak.MultipleChoiceQuestions;
				PRODUCT_NAME = "$(TARGET_NAME)";
			};
			name = Debug;
		};
		8BF5D4381C6BBA2F00295A8B /* Release */ = {
			isa = XCBuildConfiguration;
			buildSettings = {
				ASSETCATALOG_COMPILER_APPICON_NAME = AppIcon;
				INFOPLIST_FILE = MultipleChoiceQuestions/Info.plist;
				LD_RUNPATH_SEARCH_PATHS = "$(inherited) @executable_path/Frameworks";
				PRODUCT_BUNDLE_IDENTIFIER = com.omuratcakmak.MultipleChoiceQuestions;
				PRODUCT_NAME = "$(TARGET_NAME)";
			};
			name = Release;
		};
		8BF5D43A1C6BBA2F00295A8B /* Debug */ = {
			isa = XCBuildConfiguration;
			buildSettings = {
				BUNDLE_LOADER = "$(TEST_HOST)";
				INFOPLIST_FILE = MultipleChoiceQuestionsTests/Info.plist;
				LD_RUNPATH_SEARCH_PATHS = "$(inherited) @executable_path/Frameworks @loader_path/Frameworks";
				PRODUCT_BUNDLE_IDENTIFIER = com.omuratcakmak.MultipleChoiceQuestionsTests;
				PRODUCT_NAME = "$(TARGET_NAME)";
				TEST_HOST = "$(BUILT_PRODUCTS_DIR)/MultipleChoiceQuestions.app/MultipleChoiceQuestions";
			};
			name = Debug;
		};
		8BF5D43B1C6BBA2F00295A8B /* Release */ = {
			isa = XCBuildConfiguration;
			buildSettings = {
				BUNDLE_LOADER = "$(TEST_HOST)";
				INFOPLIST_FILE = MultipleChoiceQuestionsTests/Info.plist;
				LD_RUNPATH_SEARCH_PATHS = "$(inherited) @executable_path/Frameworks @loader_path/Frameworks";
				PRODUCT_BUNDLE_IDENTIFIER = com.omuratcakmak.MultipleChoiceQuestionsTests;
				PRODUCT_NAME = "$(TARGET_NAME)";
				TEST_HOST = "$(BUILT_PRODUCTS_DIR)/MultipleChoiceQuestions.app/MultipleChoiceQuestions";
			};
			name = Release;
		};
		8BF5D43D1C6BBA2F00295A8B /* Debug */ = {
			isa = XCBuildConfiguration;
			buildSettings = {
				INFOPLIST_FILE = MultipleChoiceQuestionsUITests/Info.plist;
				LD_RUNPATH_SEARCH_PATHS = "$(inherited) @executable_path/Frameworks @loader_path/Frameworks";
				PRODUCT_BUNDLE_IDENTIFIER = com.omuratcakmak.MultipleChoiceQuestionsUITests;
				PRODUCT_NAME = "$(TARGET_NAME)";
				TEST_TARGET_NAME = MultipleChoiceQuestions;
				USES_XCTRUNNER = YES;
			};
			name = Debug;
		};
		8BF5D43E1C6BBA2F00295A8B /* Release */ = {
			isa = XCBuildConfiguration;
			buildSettings = {
				INFOPLIST_FILE = MultipleChoiceQuestionsUITests/Info.plist;
				LD_RUNPATH_SEARCH_PATHS = "$(inherited) @executable_path/Frameworks @loader_path/Frameworks";
				PRODUCT_BUNDLE_IDENTIFIER = com.omuratcakmak.MultipleChoiceQuestionsUITests;
				PRODUCT_NAME = "$(TARGET_NAME)";
				TEST_TARGET_NAME = MultipleChoiceQuestions;
				USES_XCTRUNNER = YES;
			};
			name = Release;
		};
/* End XCBuildConfiguration section */

/* Begin XCConfigurationList section */
		8BF5D4061C6BBA2E00295A8B /* Build configuration list for PBXProject "MultipleChoiceQuestions" */ = {
			isa = XCConfigurationList;
			buildConfigurations = (
				8BF5D4341C6BBA2F00295A8B /* Debug */,
				8BF5D4351C6BBA2F00295A8B /* Release */,
			);
			defaultConfigurationIsVisible = 0;
			defaultConfigurationName = Release;
		};
		8BF5D4361C6BBA2F00295A8B /* Build configuration list for PBXNativeTarget "MultipleChoiceQuestions" */ = {
			isa = XCConfigurationList;
			buildConfigurations = (
				8BF5D4371C6BBA2F00295A8B /* Debug */,
				8BF5D4381C6BBA2F00295A8B /* Release */,
			);
			defaultConfigurationIsVisible = 0;
		};
		8BF5D4391C6BBA2F00295A8B /* Build configuration list for PBXNativeTarget "MultipleChoiceQuestionsTests" */ = {
			isa = XCConfigurationList;
			buildConfigurations = (
				8BF5D43A1C6BBA2F00295A8B /* Debug */,
				8BF5D43B1C6BBA2F00295A8B /* Release */,
			);
			defaultConfigurationIsVisible = 0;
		};
		8BF5D43C1C6BBA2F00295A8B /* Build configuration list for PBXNativeTarget "MultipleChoiceQuestionsUITests" */ = {
			isa = XCConfigurationList;
			buildConfigurations = (
				8BF5D43D1C6BBA2F00295A8B /* Debug */,
				8BF5D43E1C6BBA2F00295A8B /* Release */,
			);
			defaultConfigurationIsVisible = 0;
		};
/* End XCConfigurationList section */

/* Begin XCVersionGroup section */
		8BF5D4151C6BBA2F00295A8B /* MultipleChoiceQuestions.xcdatamodeld */ = {
			isa = XCVersionGroup;
			children = (
				8BF5D4161C6BBA2F00295A8B /* MultipleChoiceQuestions.xcdatamodel */,
			);
			currentVersion = 8BF5D4161C6BBA2F00295A8B /* MultipleChoiceQuestions.xcdatamodel */;
			path = MultipleChoiceQuestions.xcdatamodeld;
			sourceTree = "<group>";
			versionGroupType = wrapper.xcdatamodel;
		};
/* End XCVersionGroup section */
	};
	rootObject = 8BF5D4031C6BBA2E00295A8B /* Project object */;
}
